<Solution>
  <Folder Name="/src/">
    <Project Path="src/CPT.Core/CPT.Core.csproj" />
    <Project Path="src/CPT.Shell/CPT.Shell.csproj" />
  </Folder>
  <Folder Name="/tests/">
    <Project Path="tests/CPT.Tests/CPT.Tests.csproj" />
    <Project Path="tests/CPT.Smoke/CPT.Smoke.csproj" />
    <Project Path="tests/CPT.UiSmoke/CPT.UiSmoke.csproj" />
  </Folder>
</Solution>
